
Microsoft Visual Studio Solution File, Format Version 12.00
# Visual Studio Version 16
VisualStudioVersion = 16.0.34114.132
MinimumVisualStudioVersion = 10.0.40219.1
Project("{FAE04EC0-301F-11D3-BF4B-00C04F79EFBC}") = "IskhakovTrade", "IskhakovTrade.csproj", "{9C406923-3A17-4627-8758-D4DB46316784}"
EndProject
Global
	GlobalSection(SolutionConfigurationPlatforms) = preSolution
		Debug|Any CPU = Debug|Any CPU
		Release|Any CPU = Release|Any CPU
	EndGlobalSection
	GlobalSection(ProjectConfigurationPlatforms) = postSolution
		{9C406923-3A17-4627-8758-D4DB46316784}.Debug|Any CPU.ActiveCfg = Debug|Any CPU
		{9C406923-3A17-4627-8758-D4DB46316784}.Debug|Any CPU.Build.0 = Debug|Any CPU
		{9C406923-3A17-4627-8758-D4DB46316784}.Release|Any CPU.ActiveCfg = Release|Any CPU
		{9C406923-3A17-4627-8758-D4DB46316784}.Release|Any CPU.Build.0 = Release|Any CPU
	EndGlobalSection
	GlobalSection(SolutionProperties) = preSolution
		HideSolutionNode = FALSE
	EndGlobalSection
	GlobalSection(ExtensibilityGlobals) = postSolution
		SolutionGuid = {2AEC1215-3923-4D4B-94EF-155A04E018AD}
	EndGlobalSection
EndGlobal
